
Microsoft Visual Studio Solution File, Format Version 12.00
# Visual Studio Version 17
VisualStudioVersion = 17.2.32516.85
MinimumVisualStudioVersion = 10.0.40219.1
Project("{FAE04EC0-301F-11D3-BF4B-00C04F79EFBC}") = "Portfolio.UI", "Portfolio.UI\Portfolio.UI.csproj", "{3993984A-0BC5-4F09-A564-A0A718D3E274}"
EndProject
Global
	GlobalSection(SolutionConfigurationPlatforms) = preSolution
		Debug|Any CPU = Debug|Any CPU
		Release|Any CPU = Release|Any CPU
	EndGlobalSection
	GlobalSection(ProjectConfigurationPlatforms) = postSolution
		{3993984A-0BC5-4F09-A564-A0A718D3E274}.Debug|Any CPU.ActiveCfg = Debug|Any CPU
		{3993984A-0BC5-4F09-A564-A0A718D3E274}.Debug|Any CPU.Build.0 = Debug|Any CPU
		{3993984A-0BC5-4F09-A564-A0A718D3E274}.Release|Any CPU.ActiveCfg = Release|Any CPU
		{3993984A-0BC5-4F09-A564-A0A718D3E274}.Release|Any CPU.Build.0 = Release|Any CPU
	EndGlobalSection
	GlobalSection(SolutionProperties) = preSolution
		HideSolutionNode = FALSE
	EndGlobalSection
	GlobalSection(ExtensibilityGlobals) = postSolution
		SolutionGuid = {15A6DD9B-393E-4F0F-8342-40E3474BAC3E}
	EndGlobalSection
EndGlobal
